// !$*UTF8*$!
{
	archiveVersion = 1;
	classes = {
	};
	objectVersion = 77;
	objects = {

/* Begin PBXContainerItemProxy section */
		1ACBFB1D2E9B056000F692CC /* PBXContainerItemProxy */ = {
			isa = PBXContainerItemProxy;
			containerPortal = 1ACBFB042E9B056000F692CC /* Project object */;
			proxyType = 1;
			remoteGlobalIDString = 1ACBFB0B2E9B056000F692CC;
			remoteInfo = DaniPlot;
		};
		1ACBFB272E9B056000F692CC /* PBXContainerItemProxy */ = {
			isa = PBXContainerItemProxy;
			containerPortal = 1ACBFB042E9B056000F692CC /* Project object */;
			proxyType = 1;
			remoteGlobalIDString = 1ACBFB0B2E9B056000F692CC;
			remoteInfo = DaniPlot;
		};
/* End PBXContainerItemProxy section */

/* Begin PBXFileReference section */
		1ACBFB0C2E9B056000F692CC /* DPlot.app */ = {isa = PBXFileReference; explicitFileType = wrapper.application; includeInIndex = 0; path = DPlot.app; sourceTree = BUILT_PRODUCTS_DIR; };
		1ACBFB1C2E9B056000F692CC /* DPlotTests.xctest */ = {isa = PBXFileReference; explicitFileType = wrapper.cfbundle; includeInIndex = 0; path = DPlotTests.xctest; sourceTree = BUILT_PRODUCTS_DIR; };
		1ACBFB262E9B056000F692CC /* DPlotUITests.xctest */ = {isa = PBXFileReference; explicitFileType = wrapper.cfbundle; includeInIndex = 0; path = DPlotUITests.xctest; sourceTree = BUILT_PRODUCTS_DIR; };
/* End PBXFileReference section */

/* Begin PBXFileSystemSynchronizedBuildFileExceptionSet section */
		1ACBFB2E2E9B056000F692CC /* Exceptions for "DaniPlot" folder in "DPlot" target */ = {
			isa = PBXFileSystemSynchronizedBuildFileExceptionSet;
			membershipExceptions = (
				Info.plist,
			);
			target = 1ACBFB0B2E9B056000F692CC /* DPlot */;
		};
/* End PBXFileSystemSynchronizedBuildFileExceptionSet section */

/* Begin PBXFileSystemSynchronizedRootGroup section */
		1ACBFB0E2E9B056000F692CC /* DaniPlot */ = {
			isa = PBXFileSystemSynchronizedRootGroup;
			exceptions = (
				1ACBFB2E2E9B056000F692CC /* Exceptions for "DaniPlot" folder in "DPlot" target */,
			);
			path = DaniPlot;
			sourceTree = "<group>";
		};
		1ACBFB1F2E9B056000F692CC /* DaniPlotTests */ = {
			isa = PBXFileSystemSynchronizedRootGroup;
			path = DaniPlotTests;
			sourceTree = "<group>";
		};
		1ACBFB292E9B056000F692CC /* DaniPlotUITests */ = {
			isa = PBXFileSystemSynchronizedRootGroup;
			path = DaniPlotUITests;
			sourceTree = "<group>";
		};
/* End PBXFileSystemSynchronizedRootGroup section */

/* Begin PBXFrameworksBuildPhase section */
		1ACBFB092E9B056000F692CC /* Frameworks */ = {
			isa = PBXFrameworksBuildPhase;
			buildActionMask = 2147483647;
			files = (
			);
			runOnlyForDeploymentPostprocessing = 0;
		};
		1ACBFB192E9B056000F692CC /* Frameworks */ = {
			isa = PBXFrameworksBuildPhase;
			buildActionMask = 2147483647;
			files = (
			);
			runOnlyForDeploymentPostprocessing = 0;
		};
		1ACBFB232E9B056000F692CC /* Frameworks */ = {
			isa = PBXFrameworksBuildPhase;
			buildActionMask = 2147483647;
			files = (
			);
			runOnlyForDeploymentPostprocessing = 0;
		};
/* End PBXFrameworksBuildPhase section */

/* Begin PBXGroup section */
		1ACBFB032E9B056000F692CC = {
			isa = PBXGroup;
			children = (
				1ACBFB0E2E9B056000F692CC /* DaniPlot */,
				1ACBFB1F2E9B056000F692CC /* DaniPlotTests */,
				1ACBFB292E9B056000F692CC /* DaniPlotUITests */,
				1ACBFB0D2E9B056000F692CC /* Products */,
			);
			sourceTree = "<group>";
		};
		1ACBFB0D2E9B056000F692CC /* Products */ = {
			isa = PBXGroup;
			children = (
				1ACBFB0C2E9B056000F692CC /* DPlot.app */,
				1ACBFB1C2E9B056000F692CC /* DPlotTests.xctest */,
				1ACBFB262E9B056000F692CC /* DPlotUITests.xctest */,
			);
			name = Products;
			sourceTree = "<group>";
		};
/* End PBXGroup section */

/* Begin PBXNativeTarget section */
		1ACBFB0B2E9B056000F692CC /* DPlot */ = {
			isa = PBXNativeTarget;
			buildConfigurationList = 1ACBFB2F2E9B056000F692CC /* Build configuration list for PBXNativeTarget "DPlot" */;
			buildPhases = (
				1ACBFB082E9B056000F692CC /* Sources */,
				1ACBFB092E9B056000F692CC /* Frameworks */,
				1ACBFB0A2E9B056000F692CC /* Resources */,
			);
			buildRules = (
			);
			dependencies = (
			);
			fileSystemSynchronizedGroups = (
				1ACBFB0E2E9B056000F692CC /* DaniPlot */,
			);
			name = DPlot;
			packageProductDependencies = (
			);
			productName = DaniPlot;
			productReference = 1ACBFB0C2E9B056000F692CC /* DPlot.app */;
			productType = "com.apple.product-type.application";
		};
		1ACBFB1B2E9B056000F692CC /* DPlotTests */ = {
			isa = PBXNativeTarget;
			buildConfigurationList = 1ACBFB342E9B056000F692CC /* Build configuration list for PBXNativeTarget "DPlotTests" */;
			buildPhases = (
				1ACBFB182E9B056000F692CC /* Sources */,
				1ACBFB192E9B056000F692CC /* Frameworks */,
				1ACBFB1A2E9B056000F692CC /* Resources */,
			);
			buildRules = (
			);
			dependencies = (
				1ACBFB1E2E9B056000F692CC /* PBXTargetDependency */,
			);
			fileSystemSynchronizedGroups = (
				1ACBFB1F2E9B056000F692CC /* DaniPlotTests */,
			);
			name = DPlotTests;
			packageProductDependencies = (
			);
			productName = DaniPlotTests;
			productReference = 1ACBFB1C2E9B056000F692CC /* DPlotTests.xctest */;
			productType = "com.apple.product-type.bundle.unit-test";
		};
		1ACBFB252E9B056000F692CC /* DPlotUITests */ = {
			isa = PBXNativeTarget;
			buildConfigurationList = 1ACBFB372E9B056000F692CC /* Build configuration list for PBXNativeTarget "DPlotUITests" */;
			buildPhases = (
				1ACBFB222E9B056000F692CC /* Sources */,
				1ACBFB232E9B056000F692CC /* Frameworks */,
				1ACBFB242E9B056000F692CC /* Resources */,
			);
			buildRules = (
			);
			dependencies = (
				1ACBFB282E9B056000F692CC /* PBXTargetDependency */,
			);
			fileSystemSynchronizedGroups = (
				1ACBFB292E9B056000F692CC /* DaniPlotUITests */,
			);
			name = DPlotUITests;
			packageProductDependencies = (
			);
			productName = DaniPlotUITests;
			productReference = 1ACBFB262E9B056000F692CC /* DPlotUITests.xctest */;
			productType = "com.apple.product-type.bundle.ui-testing";
		};
/* End PBXNativeTarget section */

/* Begin PBXProject section */
		1ACBFB042E9B056000F692CC /* Project object */ = {
			isa = PBXProject;
			attributes = {
				BuildIndependentTargetsInParallel = 1;
				LastSwiftUpdateCheck = 2600;
				LastUpgradeCheck = 2600;
				TargetAttributes = {
					1ACBFB0B2E9B056000F692CC = {
						CreatedOnToolsVersion = 26.0.1;
					};
					1ACBFB1B2E9B056000F692CC = {
						CreatedOnToolsVersion = 26.0.1;
						TestTargetID = 1ACBFB0B2E9B056000F692CC;
					};
					1ACBFB252E9B056000F692CC = {
						CreatedOnToolsVersion = 26.0.1;
						TestTargetID = 1ACBFB0B2E9B056000F692CC;
					};
				};
			};
			buildConfigurationList = 1ACBFB072E9B056000F692CC /* Build configuration list for PBXProject "DPlot" */;
			developmentRegion = en;
			hasScannedForEncodings = 0;
			knownRegions = (
				en,
				Base,
			);
			mainGroup = 1ACBFB032E9B056000F692CC;
			minimizedProjectReferenceProxies = 1;
			preferredProjectObjectVersion = 77;
			productRefGroup = 1ACBFB0D2E9B056000F692CC /* Products */;
			projectDirPath = "";
			projectRoot = "";
			targets = (
				1ACBFB0B2E9B056000F692CC /* DPlot */,
				1ACBFB1B2E9B056000F692CC /* DPlotTests */,
				1ACBFB252E9B056000F692CC /* DPlotUITests */,
			);
		};
/* End PBXProject section */

/* Begin PBXResourcesBuildPhase section */
		1ACBFB0A2E9B056000F692CC /* Resources */ = {
			isa = PBXResourcesBuildPhase;
			buildActionMask = 2147483647;
			files = (
			);
			runOnlyForDeploymentPostprocessing = 0;
		};
		1ACBFB1A2E9B056000F692CC /* Resources */ = {
			isa = PBXResourcesBuildPhase;
			buildActionMask = 2147483647;
			files = (
			);
			runOnlyForDeploymentPostprocessing = 0;
		};
		1ACBFB242E9B056000F692CC /* Resources */ = {
			isa = PBXResourcesBuildPhase;
			buildActionMask = 2147483647;
			files = (
			);
			runOnlyForDeploymentPostprocessing = 0;
		};
/* End PBXResourcesBuildPhase section */

/* Begin PBXSourcesBuildPhase section */
		1ACBFB082E9B056000F692CC /* Sources */ = {
			isa = PBXSourcesBuildPhase;
			buildActionMask = 2147483647;
			files = (
			);
			runOnlyForDeploymentPostprocessing = 0;
		};
		1ACBFB182E9B056000F692CC /* Sources */ = {
			isa = PBXSourcesBuildPhase;
			buildActionMask = 2147483647;
			files = (
			);
			runOnlyForDeploymentPostprocessing = 0;
		};
		1ACBFB222E9B056000F692CC /* Sources */ = {
			isa = PBXSourcesBuildPhase;
			buildActionMask = 2147483647;
			files = (
			);
			runOnlyForDeploymentPostprocessing = 0;
		};
/* End PBXSourcesBuildPhase section */

/* Begin PBXTargetDependency section */
		1ACBFB1E2E9B056000F692CC /* PBXTargetDependency */ = {
			isa = PBXTargetDependency;
			target = 1ACBFB0B2E9B056000F692CC /* DPlot */;
			targetProxy = 1ACBFB1D2E9B056000F692CC /* PBXContainerItemProxy */;
		};
		1ACBFB282E9B056000F692CC /* PBXTargetDependency */ = {
			isa = PBXTargetDependency;
			target = 1ACBFB0B2E9B056000F692CC /* DPlot */;
			targetProxy = 1ACBFB272E9B056000F692CC /* PBXContainerItemProxy */;
		};
/* End PBXTargetDependency section */

/* Begin XCBuildConfiguration section */
		1ACBFB302E9B056000F692CC /* Debug */ = {
			isa = XCBuildConfiguration;
			buildSettings = {
				ASSETCATALOG_COMPILER_APPICON_NAME = AppIcon;
				ASSETCATALOG_COMPILER_GLOBAL_ACCENT_COLOR_NAME = AccentColor;
				ASSETCATALOG_COMPILER_INCLUDE_ALL_APPICON_ASSETS = YES;
				CODE_SIGN_STYLE = Automatic;
				COMBINE_HIDPI_IMAGES = YES;
				CURRENT_PROJECT_VERSION = 3000;
				DEVELOPMENT_TEAM = D5YR5XE2X6;
				ENABLE_APP_SANDBOX = NO;
				ENABLE_HARDENED_RUNTIME = YES;
				ENABLE_PREVIEWS = YES;
				GENERATE_INFOPLIST_FILE = YES;
				INFOPLIST_FILE = DaniPlot/Info.plist;
				INFOPLIST_KEY_LSApplicationCategoryType = "public.app-category.developer-tools";
				INFOPLIST_KEY_NSHumanReadableCopyright = "";
				LD_RUNPATH_SEARCH_PATHS = (
					"$(inherited)",
					"@executable_path/../Frameworks",
				);
				MACOSX_DEPLOYMENT_TARGET = 13.5;
				MARKETING_VERSION = 0.5;
				PRODUCT_BUNDLE_IDENTIFIER = me.matusevich.DaniPlot;
				PRODUCT_NAME = "$(TARGET_NAME)";
				REGISTER_APP_GROUPS = YES;
				STRING_CATALOG_GENERATE_SYMBOLS = YES;
				SWIFT_APPROACHABLE_CONCURRENCY = YES;
				SWIFT_DEFAULT_ACTOR_ISOLATION = MainActor;
				SWIFT_EMIT_LOC_STRINGS = YES;
				SWIFT_UPCOMING_FEATURE_MEMBER_IMPORT_VISIBILITY = YES;
				SWIFT_VERSION = 5.0;
			};
			name = Debug;
		};
		1ACBFB312E9B056000F692CC /* Release */ = {
			isa = XCBuildConfiguration;
			buildSettings = {
				ASSETCATALOG_COMPILER_APPICON_NAME = AppIcon;
				ASSETCATALOG_COMPILER_GLOBAL_ACCENT_COLOR_NAME = AccentColor;
				ASSETCATALOG_COMPILER_INCLUDE_ALL_APPICON_ASSETS = YES;
				CODE_SIGN_STYLE = Automatic;
				COMBINE_HIDPI_IMAGES = YES;
				CURRENT_PROJECT_VERSION = 3000;
				DEVELOPMENT_TEAM = D5YR5XE2X6;
				ENABLE_APP_SANDBOX = NO;
				ENABLE_HARDENED_RUNTIME = YES;
				ENABLE_PREVIEWS = YES;
				GENERATE_INFOPLIST_FILE = YES;
				INFOPLIST_FILE = DaniPlot/Info.plist;
				INFOPLIST_KEY_LSApplicationCategoryType = "public.app-category.developer-tools";
				INFOPLIST_KEY_NSHumanReadableCopyright = "";
				LD_RUNPATH_SEARCH_PATHS = (
					"$(inherited)",
					"@executable_path/../Frameworks",
				);
				MACOSX_DEPLOYMENT_TARGET = 13.5;
				MARKETING_VERSION = 0.5;
				PRODUCT_BUNDLE_IDENTIFIER = me.matusevich.DaniPlot;
				PRODUCT_NAME = "$(TARGET_NAME)";
				REGISTER_APP_GROUPS = YES;
				STRING_CATALOG_GENERATE_SYMBOLS = YES;
				SWIFT_APPROACHABLE_CONCURRENCY = YES;
				SWIFT_DEFAULT_ACTOR_ISOLATION = MainActor;
				SWIFT_EMIT_LOC_STRINGS = YES;
				SWIFT_UPCOMING_FEATURE_MEMBER_IMPORT_VISIBILITY = YES;
				SWIFT_VERSION = 5.0;
			};
			name = Release;
		};
		1ACBFB322E9B056000F692CC /* Debug */ = {
			isa = XCBuildConfiguration;
			buildSettings = {
				ALWAYS_SEARCH_USER_PATHS = NO;
				ASSETCATALOG_COMPILER_GENERATE_SWIFT_ASSET_SYMBOL_EXTENSIONS = YES;
				CLANG_ANALYZER_NONNULL = YES;
				CLANG_ANALYZER_NUMBER_OBJECT_CONVERSION = YES_AGGRESSIVE;
				CLANG_CXX_LANGUAGE_STANDARD = "gnu++20";
				CLANG_ENABLE_MODULES = YES;
				CLANG_ENABLE_OBJC_ARC = YES;
				CLANG_ENABLE_OBJC_WEAK = YES;
				CLANG_WARN_BLOCK_CAPTURE_AUTORELEASING = YES;
				CLANG_WARN_BOOL_CONVERSION = YES;
				CLANG_WARN_COMMA = YES;
				CLANG_WARN_CONSTANT_CONVERSION = YES;
				CLANG_WARN_DEPRECATED_OBJC_IMPLEMENTATIONS = YES;
				CLANG_WARN_DIRECT_OBJC_ISA_USAGE = YES_ERROR;
				CLANG_WARN_DOCUMENTATION_COMMENTS = YES;
				CLANG_WARN_EMPTY_BODY = YES;
				CLANG_WARN_ENUM_CONVERSION = YES;
				CLANG_WARN_INFINITE_RECURSION = YES;
				CLANG_WARN_INT_CONVERSION = YES;
				CLANG_WARN_NON_LITERAL_NULL_CONVERSION = YES;
				CLANG_WARN_OBJC_IMPLICIT_RETAIN_SELF = YES;
				CLANG_WARN_OBJC_LITERAL_CONVERSION = YES;
				CLANG_WARN_OBJC_ROOT_CLASS = YES_ERROR;
				CLANG_WARN_QUOTED_INCLUDE_IN_FRAMEWORK_HEADER = YES;
				CLANG_WARN_RANGE_LOOP_ANALYSIS = YES;
				CLANG_WARN_STRICT_PROTOTYPES = YES;
				CLANG_WARN_SUSPICIOUS_MOVE = YES;
				CLANG_WARN_UNGUARDED_AVAILABILITY = YES_AGGRESSIVE;
				CLANG_WARN_UNREACHABLE_CODE = YES;
				CLANG_WARN__DUPLICATE_METHOD_MATCH = YES;
				COPY_PHASE_STRIP = NO;
				DEBUG_INFORMATION_FORMAT = dwarf;
				DEVELOPMENT_TEAM = D5YR5XE2X6;
				ENABLE_STRICT_OBJC_MSGSEND = YES;
				ENABLE_TESTABILITY = YES;
				ENABLE_USER_SCRIPT_SANDBOXING = YES;
				GCC_C_LANGUAGE_STANDARD = gnu17;
				GCC_DYNAMIC_NO_PIC = NO;
				GCC_NO_COMMON_BLOCKS = YES;
				GCC_OPTIMIZATION_LEVEL = 0;
				GCC_PREPROCESSOR_DEFINITIONS = (
					"DEBUG=1",
					"$(inherited)",
				);
				GCC_WARN_64_TO_32_BIT_CONVERSION = YES;
				GCC_WARN_ABOUT_RETURN_TYPE = YES_ERROR;
				GCC_WARN_UNDECLARED_SELECTOR = YES;
				GCC_WARN_UNINITIALIZED_AUTOS = YES_AGGRESSIVE;
				GCC_WARN_UNUSED_FUNCTION = YES;
				GCC_WARN_UNUSED_VARIABLE = YES;
				LOCALIZATION_PREFERS_STRING_CATALOGS = YES;
				MACOSX_DEPLOYMENT_TARGET = 26.0;
				MTL_ENABLE_DEBUG_INFO = INCLUDE_SOURCE;
				MTL_FAST_MATH = YES;
				ONLY_ACTIVE_ARCH = YES;
				SDKROOT = macosx;
				SWIFT_ACTIVE_COMPILATION_CONDITIONS = "DEBUG $(inherited)";
				SWIFT_OPTIMIZATION_LEVEL = "-Onone";
			};
			name = Debug;
		};
		1ACBFB332E9B056000F692CC /* Release */ = {
			isa = XCBuildConfiguration;
			buildSettings = {
				ALWAYS_SEARCH_USER_PATHS = NO;
				ASSETCATALOG_COMPILER_GENERATE_SWIFT_ASSET_SYMBOL_EXTENSIONS = YES;
				CLANG_ANALYZER_NONNULL = YES;
				CLANG_ANALYZER_NUMBER_OBJECT_CONVERSION = YES_AGGRESSIVE;
				CLANG_CXX_LANGUAGE_STANDARD = "gnu++20";
				CLANG_ENABLE_MODULES = YES;
				CLANG_ENABLE_OBJC_ARC = YES;
				CLANG_ENABLE_OBJC_WEAK = YES;
				CLANG_WARN_BLOCK_CAPTURE_AUTORELEASING = YES;
				CLANG_WARN_BOOL_CONVERSION = YES;
				CLANG_WARN_COMMA = YES;
				CLANG_WARN_CONSTANT_CONVERSION = YES;
				CLANG_WARN_DEPRECATED_OBJC_IMPLEMENTATIONS = YES;
				CLANG_WARN_DIRECT_OBJC_ISA_USAGE = YES_ERROR;
				CLANG_WARN_DOCUMENTATION_COMMENTS = YES;
				CLANG_WARN_EMPTY_BODY = YES;
				CLANG_WARN_ENUM_CONVERSION = YES;
				CLANG_WARN_INFINITE_RECURSION = YES;
				CLANG_WARN_INT_CONVERSION = YES;
				CLANG_WARN_NON_LITERAL_NULL_CONVERSION = YES;
				CLANG_WARN_OBJC_IMPLICIT_RETAIN_SELF = YES;
				CLANG_WARN_OBJC_LITERAL_CONVERSION = YES;
				CLANG_WARN_OBJC_ROOT_CLASS = YES_ERROR;
				CLANG_WARN_QUOTED_INCLUDE_IN_FRAMEWORK_HEADER = YES;
				CLANG_WARN_RANGE_LOOP_ANALYSIS = YES;
				CLANG_WARN_STRICT_PROTOTYPES = YES;
				CLANG_WARN_SUSPICIOUS_MOVE = YES;
				CLANG_WARN_UNGUARDED_AVAILABILITY = YES_AGGRESSIVE;
				CLANG_WARN_UNREACHABLE_CODE = YES;
				CLANG_WARN__DUPLICATE_METHOD_MATCH = YES;
				COPY_PHASE_STRIP = NO;
				DEBUG_INFORMATION_FORMAT = "dwarf-with-dsym";
				DEVELOPMENT_TEAM = D5YR5XE2X6;
				ENABLE_NS_ASSERTIONS = NO;
				ENABLE_STRICT_OBJC_MSGSEND = YES;
				ENABLE_USER_SCRIPT_SANDBOXING = YES;
				GCC_C_LANGUAGE_STANDARD = gnu17;
				GCC_NO_COMMON_BLOCKS = YES;
				GCC_WARN_64_TO_32_BIT_CONVERSION = YES;
				GCC_WARN_ABOUT_RETURN_TYPE = YES_ERROR;
				GCC_WARN_UNDECLARED_SELECTOR = YES;
				GCC_WARN_UNINITIALIZED_AUTOS = YES_AGGRESSIVE;
				GCC_WARN_UNUSED_FUNCTION = YES;
				GCC_WARN_UNUSED_VARIABLE = YES;
				LOCALIZATION_PREFERS_STRING_CATALOGS = YES;
				MACOSX_DEPLOYMENT_TARGET = 26.0;
				MTL_ENABLE_DEBUG_INFO = NO;
				MTL_FAST_MATH = YES;
				SDKROOT = macosx;
				SWIFT_COMPILATION_MODE = wholemodule;
			};
			name = Release;
		};
		1ACBFB352E9B056000F692CC /* Debug */ = {
			isa = XCBuildConfiguration;
			buildSettings = {
				BUNDLE_LOADER = "$(TEST_HOST)";
				CODE_SIGN_STYLE = Automatic;
				CURRENT_PROJECT_VERSION = 1;
				DEVELOPMENT_TEAM = D5YR5XE2X6;
				GENERATE_INFOPLIST_FILE = YES;
				MACOSX_DEPLOYMENT_TARGET = 26.0;
				MARKETING_VERSION = 1.0;
				PRODUCT_BUNDLE_IDENTIFIER = me.matusevich.DaniPlotTests;
				PRODUCT_NAME = "$(TARGET_NAME)";
				STRING_CATALOG_GENERATE_SYMBOLS = NO;
				SWIFT_APPROACHABLE_CONCURRENCY = YES;
				SWIFT_EMIT_LOC_STRINGS = NO;
				SWIFT_UPCOMING_FEATURE_MEMBER_IMPORT_VISIBILITY = YES;
				SWIFT_VERSION = 5.0;
				TEST_HOST = "$(BUILT_PRODUCTS_DIR)/DPlot.app/$(BUNDLE_EXECUTABLE_FOLDER_PATH)/DPlot";
			};
			name = Debug;
		};
		1ACBFB362E9B056000F692CC /* Release */ = {
			isa = XCBuildConfiguration;
			buildSettings = {
				BUNDLE_LOADER = "$(TEST_HOST)";
				CODE_SIGN_STYLE = Automatic;
				CURRENT_PROJECT_VERSION = 1;
				DEVELOPMENT_TEAM = D5YR5XE2X6;
				GENERATE_INFOPLIST_FILE = YES;
				MACOSX_DEPLOYMENT_TARGET = 26.0;
				MARKETING_VERSION = 1.0;
				PRODUCT_BUNDLE_IDENTIFIER = me.matusevich.DaniPlotTests;
				PRODUCT_NAME = "$(TARGET_NAME)";
				STRING_CATALOG_GENERATE_SYMBOLS = NO;
				SWIFT_APPROACHABLE_CONCURRENCY = YES;
				SWIFT_EMIT_LOC_STRINGS = NO;
				SWIFT_UPCOMING_FEATURE_MEMBER_IMPORT_VISIBILITY = YES;
				SWIFT_VERSION = 5.0;
				TEST_HOST = "$(BUILT_PRODUCTS_DIR)/DPlot.app/$(BUNDLE_EXECUTABLE_FOLDER_PATH)/DPlot";
			};
			name = Release;
		};
		1ACBFB382E9B056000F692CC /* Debug */ = {
			isa = XCBuildConfiguration;
			buildSettings = {
				CODE_SIGN_STYLE = Automatic;
				CURRENT_PROJECT_VERSION = 1;
				DEVELOPMENT_TEAM = D5YR5XE2X6;
				GENERATE_INFOPLIST_FILE = YES;
				MARKETING_VERSION = 1.0;
				PRODUCT_BUNDLE_IDENTIFIER = me.matusevich.DaniPlotUITests;
				PRODUCT_NAME = "$(TARGET_NAME)";
				STRING_CATALOG_GENERATE_SYMBOLS = NO;
				SWIFT_APPROACHABLE_CONCURRENCY = YES;
				SWIFT_EMIT_LOC_STRINGS = NO;
				SWIFT_UPCOMING_FEATURE_MEMBER_IMPORT_VISIBILITY = YES;
				SWIFT_VERSION = 5.0;
				TEST_TARGET_NAME = DaniPlot;
			};
			name = Debug;
		};
		1ACBFB392E9B056000F692CC /* Release */ = {
			isa = XCBuildConfiguration;
			buildSettings = {
				CODE_SIGN_STYLE = Automatic;
				CURRENT_PROJECT_VERSION = 1;
				DEVELOPMENT_TEAM = D5YR5XE2X6;
				GENERATE_INFOPLIST_FILE = YES;
				MARKETING_VERSION = 1.0;
				PRODUCT_BUNDLE_IDENTIFIER = me.matusevich.DaniPlotUITests;
				PRODUCT_NAME = "$(TARGET_NAME)";
				STRING_CATALOG_GENERATE_SYMBOLS = NO;
				SWIFT_APPROACHABLE_CONCURRENCY = YES;
				SWIFT_EMIT_LOC_STRINGS = NO;
				SWIFT_UPCOMING_FEATURE_MEMBER_IMPORT_VISIBILITY = YES;
				SWIFT_VERSION = 5.0;
				TEST_TARGET_NAME = DaniPlot;
			};
			name = Release;
		};
/* End XCBuildConfiguration section */

/* Begin XCConfigurationList section */
		1ACBFB072E9B056000F692CC /* Build configuration list for PBXProject "DPlot" */ = {
			isa = XCConfigurationList;
			buildConfigurations = (
				1ACBFB322E9B056000F692CC /* Debug */,
				1ACBFB332E9B056000F692CC /* Release */,
			);
			defaultConfigurationIsVisible = 0;
			defaultConfigurationName = Release;
		};
		1ACBFB2F2E9B056000F692CC /* Build configuration list for PBXNativeTarget "DPlot" */ = {
			isa = XCConfigurationList;
			buildConfigurations = (
				1ACBFB302E9B056000F692CC /* Debug */,
				1ACBFB312E9B056000F692CC /* Release */,
			);
			defaultConfigurationIsVisible = 0;
			defaultConfigurationName = Release;
		};
		1ACBFB342E9B056000F692CC /* Build configuration list for PBXNativeTarget "DPlotTests" */ = {
			isa = XCConfigurationList;
			buildConfigurations = (
				1ACBFB352E9B056000F692CC /* Debug */,
				1ACBFB362E9B056000F692CC /* Release */,
			);
			defaultConfigurationIsVisible = 0;
			defaultConfigurationName = Release;
		};
		1ACBFB372E9B056000F692CC /* Build configuration list for PBXNativeTarget "DPlotUITests" */ = {
			isa = XCConfigurationList;
			buildConfigurations = (
				1ACBFB382E9B056000F692CC /* Debug */,
				1ACBFB392E9B056000F692CC /* Release */,
			);
			defaultConfigurationIsVisible = 0;
			defaultConfigurationName = Release;
		};
/* End XCConfigurationList section */
	};
	rootObject = 1ACBFB042E9B056000F692CC /* Project object */;
}
